
Microsoft Visual Studio Solution File, Format Version 12.00
# Visual Studio Version 16
VisualStudioVersion = 16.0.34031.81
MinimumVisualStudioVersion = 10.0.40219.1
Project("{E24C65DC-7377-472B-9ABA-BC803B73C61A}") = "Recipes", "Recipes\", "{AD79CA6F-13CA-41B6-A450-4EFEBA5777D3}"
	ProjectSection(WebsiteProperties) = preProject
		TargetFrameworkMoniker = ".NETFramework,Version%3Dv4.7.2"
		Debug.AspNetCompiler.VirtualPath = "/localhost_53308"
		Debug.AspNetCompiler.PhysicalPath = "Recipes\"
		Debug.AspNetCompiler.TargetPath = "PrecompiledWeb\localhost_53308\"
		Debug.AspNetCompiler.Updateable = "true"
		Debug.AspNetCompiler.ForceOverwrite = "true"
		Debug.AspNetCompiler.FixedNames = "false"
		Debug.AspNetCompiler.Debug = "True"
		Release.AspNetCompiler.VirtualPath = "/localhost_53308"
		Release.AspNetCompiler.PhysicalPath = "Recipes\"
		Release.AspNetCompiler.TargetPath = "PrecompiledWeb\localhost_53308\"
		Release.AspNetCompiler.Updateable = "true"
		Release.AspNetCompiler.ForceOverwrite = "true"
		Release.AspNetCompiler.FixedNames = "false"
		Release.AspNetCompiler.Debug = "False"
		VWDPort = "53308"
		SlnRelativePath = "Recipes\"
		DefaultWebSiteLanguage = "Visual C#"
	EndProjectSection
EndProject
Global
	GlobalSection(SolutionConfigurationPlatforms) = preSolution
		Debug|Any CPU = Debug|Any CPU
	EndGlobalSection
	GlobalSection(ProjectConfigurationPlatforms) = postSolution
		{AD79CA6F-13CA-41B6-A450-4EFEBA5777D3}.Debug|Any CPU.ActiveCfg = Debug|Any CPU
		{AD79CA6F-13CA-41B6-A450-4EFEBA5777D3}.Debug|Any CPU.Build.0 = Debug|Any CPU
	EndGlobalSection
	GlobalSection(SolutionProperties) = preSolution
		HideSolutionNode = FALSE
	EndGlobalSection
	GlobalSection(ExtensibilityGlobals) = postSolution
		SolutionGuid = {7FE7A72B-53D9-4B1B-90F9-C26B1CE9A17A}
	EndGlobalSection
EndGlobal
